
Microsoft Visual Studio Solution File, Format Version 12.00
# Visual Studio Version 17
VisualStudioVersion = 17.11.35312.102
MinimumVisualStudioVersion = 10.0.40219.1
Project("{FAE04EC0-301F-11D3-BF4B-00C04F79EFBC}") = "FabryExanProject", "FabryExanProject\FabryExanProject.csproj", "{1D90A5A1-67FE-4B97-8953-7B6A10CA85A0}"
EndProject
Project("{FAE04EC0-301F-11D3-BF4B-00C04F79EFBC}") = "TestProject", "TestProject\TestProject.csproj", "{67E21AD1-A10B-4ADC-A20A-7F53B16B1276}"
EndProject
Global
	GlobalSection(SolutionConfigurationPlatforms) = preSolution
		Debug|Any CPU = Debug|Any CPU
		Release|Any CPU = Release|Any CPU
	EndGlobalSection
	GlobalSection(ProjectConfigurationPlatforms) = postSolution
		{1D90A5A1-67FE-4B97-8953-7B6A10CA85A0}.Debug|Any CPU.ActiveCfg = Debug|Any CPU
		{1D90A5A1-67FE-4B97-8953-7B6A10CA85A0}.Debug|Any CPU.Build.0 = Debug|Any CPU
		{1D90A5A1-67FE-4B97-8953-7B6A10CA85A0}.Release|Any CPU.ActiveCfg = Release|Any CPU
		{1D90A5A1-67FE-4B97-8953-7B6A10CA85A0}.Release|Any CPU.Build.0 = Release|Any CPU
		{67E21AD1-A10B-4ADC-A20A-7F53B16B1276}.Debug|Any CPU.ActiveCfg = Debug|Any CPU
		{67E21AD1-A10B-4ADC-A20A-7F53B16B1276}.Debug|Any CPU.Build.0 = Debug|Any CPU
		{67E21AD1-A10B-4ADC-A20A-7F53B16B1276}.Release|Any CPU.ActiveCfg = Release|Any CPU
		{67E21AD1-A10B-4ADC-A20A-7F53B16B1276}.Release|Any CPU.Build.0 = Release|Any CPU
	EndGlobalSection
	GlobalSection(SolutionProperties) = preSolution
		HideSolutionNode = FALSE
	EndGlobalSection
	GlobalSection(ExtensibilityGlobals) = postSolution
		SolutionGuid = {53F08DD8-AAB8-473A-B517-A1233D3978BE}
	EndGlobalSection
EndGlobal
